
Microsoft Visual Studio Solution File, Format Version 12.00
# Visual Studio 15
VisualStudioVersion = 15.0.28010.2003
MinimumVisualStudioVersion = 10.0.40219.1
Project("{FAE04EC0-301F-11D3-BF4B-00C04F79EFBC}") = "DivisionTutor", "DivisionTutor\DivisionTutor.csproj", "{FD576C2B-6462-4A93-88DA-21AAE4E32EF6}"
EndProject
Global
	GlobalSection(SolutionConfigurationPlatforms) = preSolution
		Debug|Any CPU = Debug|Any CPU
		Release|Any CPU = Release|Any CPU
	EndGlobalSection
	GlobalSection(ProjectConfigurationPlatforms) = postSolution
		{FD576C2B-6462-4A93-88DA-21AAE4E32EF6}.Debug|Any CPU.ActiveCfg = Debug|Any CPU
		{FD576C2B-6462-4A93-88DA-21AAE4E32EF6}.Debug|Any CPU.Build.0 = Debug|Any CPU
		{FD576C2B-6462-4A93-88DA-21AAE4E32EF6}.Release|Any CPU.ActiveCfg = Release|Any CPU
		{FD576C2B-6462-4A93-88DA-21AAE4E32EF6}.Release|Any CPU.Build.0 = Release|Any CPU
	EndGlobalSection
	GlobalSection(SolutionProperties) = preSolution
		HideSolutionNode = FALSE
	EndGlobalSection
	GlobalSection(ExtensibilityGlobals) = postSolution
		SolutionGuid = {4F13E6E0-BA57-433B-80A9-8990344DAE4A}
	EndGlobalSection
EndGlobal
